
Microsoft Visual Studio Solution File, Format Version 12.00
# Visual Studio 14
VisualStudioVersion = 14.0.25420.1
MinimumVisualStudioVersion = 10.0.40219.1
Project("{FAE04EC0-301F-11D3-BF4B-00C04F79EFBC}") = "Helpful.TextParser", "Helpful.TextParser\Helpful.TextParser.csproj", "{57D3800A-183B-4223-BD02-00F95A5554EF}"
EndProject
Project("{FAE04EC0-301F-11D3-BF4B-00C04F79EFBC}") = "Helpful.TextParser.Test", "Helpful.TextParser.Test\Helpful.TextParser.Test.csproj", "{06679E5E-9E5B-42E8-B0DC-49E510BEA0F4}"
EndProject
Project("{FAE04EC0-301F-11D3-BF4B-00C04F79EFBC}") = "Helpful.TextParser.Unity3.Installer", "Helpful.TextParser.Unity3.Installer\Helpful.TextParser.Unity3.Installer.csproj", "{65B5972D-FFA0-444B-90B5-8F66787C5B43}"
EndProject
Global
	GlobalSection(SolutionConfigurationPlatforms) = preSolution
		Debug|Any CPU = Debug|Any CPU
		Release|Any CPU = Release|Any CPU
	EndGlobalSection
	GlobalSection(ProjectConfigurationPlatforms) = postSolution
		{57D3800A-183B-4223-BD02-00F95A5554EF}.Debug|Any CPU.ActiveCfg = Debug|Any CPU
		{57D3800A-183B-4223-BD02-00F95A5554EF}.Debug|Any CPU.Build.0 = Debug|Any CPU
		{57D3800A-183B-4223-BD02-00F95A5554EF}.Release|Any CPU.ActiveCfg = Release|Any CPU
		{57D3800A-183B-4223-BD02-00F95A5554EF}.Release|Any CPU.Build.0 = Release|Any CPU
		{06679E5E-9E5B-42E8-B0DC-49E510BEA0F4}.Debug|Any CPU.ActiveCfg = Debug|Any CPU
		{06679E5E-9E5B-42E8-B0DC-49E510BEA0F4}.Debug|Any CPU.Build.0 = Debug|Any CPU
		{06679E5E-9E5B-42E8-B0DC-49E510BEA0F4}.Release|Any CPU.ActiveCfg = Release|Any CPU
		{06679E5E-9E5B-42E8-B0DC-49E510BEA0F4}.Release|Any CPU.Build.0 = Release|Any CPU
		{65B5972D-FFA0-444B-90B5-8F66787C5B43}.Debug|Any CPU.ActiveCfg = Debug|Any CPU
		{65B5972D-FFA0-444B-90B5-8F66787C5B43}.Debug|Any CPU.Build.0 = Debug|Any CPU
		{65B5972D-FFA0-444B-90B5-8F66787C5B43}.Release|Any CPU.ActiveCfg = Release|Any CPU
		{65B5972D-FFA0-444B-90B5-8F66787C5B43}.Release|Any CPU.Build.0 = Release|Any CPU
	EndGlobalSection
	GlobalSection(SolutionProperties) = preSolution
		HideSolutionNode = FALSE
	EndGlobalSection
EndGlobal
